// !$*UTF8*$!
{
	archiveVersion = 1;
	classes = {
	};
	objectVersion = 46;
	objects = {

/* Begin PBXBuildFile section */
		4B51F69E1AA8917A00E3B174 /* main.m in Sources */ = {isa = PBXBuildFile; fileRef = 4B51F69D1AA8917A00E3B174 /* main.m */; };
/* End PBXBuildFile section */

/* Begin PBXCopyFilesBuildPhase section */
		4B51F6981AA8917A00E3B174 /* CopyFiles */ = {
			isa = PBXCopyFilesBuildPhase;
			buildActionMask = 2147483647;
			dstPath = /usr/share/man/man1/;
			dstSubfolderSpec = 0;
			files = (
			);
			runOnlyForDeploymentPostprocessing = 1;
		};
/* End PBXCopyFilesBuildPhase section */

/* Begin PBXFileReference section */
		4B51F69A1AA8917A00E3B174 /* voiceParseHelpers */ = {isa = PBXFileReference; explicitFileType = "compiled.mach-o.executable"; includeInIndex = 0; path = voiceParseHelpers; sourceTree = BUILT_PRODUCTS_DIR; };
		4B51F69D1AA8917A00E3B174 /* main.m */ = {isa = PBXFileReference; lastKnownFileType = sourcecode.c.objc; path = main.m; sourceTree = "<group>"; };
		4B51F6A41AA8919E00E3B174 /* LocationClass.h */ = {isa = PBXFileReference; lastKnownFileType = sourcecode.c.h; path = LocationClass.h; sourceTree = "<group>"; };
		4B51F6A51AA891B100E3B174 /* InsertionClass.h */ = {isa = PBXFileReference; lastKnownFileType = sourcecode.c.h; path = InsertionClass.h; sourceTree = "<group>"; };
/* End PBXFileReference section */

/* Begin PBXFrameworksBuildPhase section */
		4B51F6971AA8917A00E3B174 /* Frameworks */ = {
			isa = PBXFrameworksBuildPhase;
			buildActionMask = 2147483647;
			files = (
			);
			runOnlyForDeploymentPostprocessing = 0;
		};
/* End PBXFrameworksBuildPhase section */

/* Begin PBXGroup section */
		4B51F6911AA8917A00E3B174 = {
			isa = PBXGroup;
			children = (
				4B51F69C1AA8917A00E3B174 /* voiceParseHelpers */,
				4B51F69B1AA8917A00E3B174 /* Products */,
			);
			sourceTree = "<group>";
		};
		4B51F69B1AA8917A00E3B174 /* Products */ = {
			isa = PBXGroup;
			children = (
				4B51F69A1AA8917A00E3B174 /* voiceParseHelpers */,
			);
			name = Products;
			sourceTree = "<group>";
		};
		4B51F69C1AA8917A00E3B174 /* voiceParseHelpers */ = {
			isa = PBXGroup;
			children = (
				4B51F69D1AA8917A00E3B174 /* main.m */,
				4B51F6A41AA8919E00E3B174 /* LocationClass.h */,
				4B51F6A51AA891B100E3B174 /* InsertionClass.h */,
			);
			path = voiceParseHelpers;
			sourceTree = "<group>";
		};
/* End PBXGroup section */

/* Begin PBXNativeTarget section */
		4B51F6991AA8917A00E3B174 /* voiceParseHelpers */ = {
			isa = PBXNativeTarget;
			buildConfigurationList = 4B51F6A11AA8917A00E3B174 /* Build configuration list for PBXNativeTarget "voiceParseHelpers" */;
			buildPhases = (
				4B51F6961AA8917A00E3B174 /* Sources */,
				4B51F6971AA8917A00E3B174 /* Frameworks */,
				4B51F6981AA8917A00E3B174 /* CopyFiles */,
			);
			buildRules = (
			);
			dependencies = (
			);
			name = voiceParseHelpers;
			productName = voiceParseHelpers;
			productReference = 4B51F69A1AA8917A00E3B174 /* voiceParseHelpers */;
			productType = "com.apple.product-type.tool";
		};
/* End PBXNativeTarget section */

/* Begin PBXProject section */
		4B51F6921AA8917A00E3B174 /* Project object */ = {
			isa = PBXProject;
			attributes = {
				LastUpgradeCheck = 0610;
				ORGANIZATIONNAME = "Sharon Yang";
				TargetAttributes = {
					4B51F6991AA8917A00E3B174 = {
						CreatedOnToolsVersion = 6.1.1;
					};
				};
			};
			buildConfigurationList = 4B51F6951AA8917A00E3B174 /* Build configuration list for PBXProject "voiceParseHelpers" */;
			compatibilityVersion = "Xcode 3.2";
			developmentRegion = English;
			hasScannedForEncodings = 0;
			knownRegions = (
				en,
			);
			mainGroup = 4B51F6911AA8917A00E3B174;
			productRefGroup = 4B51F69B1AA8917A00E3B174 /* Products */;
			projectDirPath = "";
			projectRoot = "";
			targets = (
				4B51F6991AA8917A00E3B174 /* voiceParseHelpers */,
			);
		};
/* End PBXProject section */

/* Begin PBXSourcesBuildPhase section */
		4B51F6961AA8917A00E3B174 /* Sources */ = {
			isa = PBXSourcesBuildPhase;
			buildActionMask = 2147483647;
			files = (
				4B51F69E1AA8917A00E3B174 /* main.m in Sources */,
			);
			runOnlyForDeploymentPostprocessing = 0;
		};
/* End PBXSourcesBuildPhase section */

/* Begin XCBuildConfiguration section */
		4B51F69F1AA8917A00E3B174 /* Debug */ = {
			isa = XCBuildConfiguration;
			buildSettings = {
				ALWAYS_SEARCH_USER_PATHS = NO;
				CLANG_CXX_LANGUAGE_STANDARD = "gnu++0x";
				CLANG_CXX_LIBRARY = "libc++";
				CLANG_ENABLE_MODULES = YES;
				CLANG_ENABLE_OBJC_ARC = YES;
				CLANG_WARN_BOOL_CONVERSION = YES;
				CLANG_WARN_CONSTANT_CONVERSION = YES;
				CLANG_WARN_DIRECT_OBJC_ISA_USAGE = YES_ERROR;
				CLANG_WARN_EMPTY_BODY = YES;
				CLANG_WARN_ENUM_CONVERSION = YES;
				CLANG_WARN_INT_CONVERSION = YES;
				CLANG_WARN_OBJC_ROOT_CLASS = YES_ERROR;
				CLANG_WARN_UNREACHABLE_CODE = YES;
				CLANG_WARN__DUPLICATE_METHOD_MATCH = YES;
				COPY_PHASE_STRIP = NO;
				ENABLE_STRICT_OBJC_MSGSEND = YES;
				GCC_C_LANGUAGE_STANDARD = gnu99;
				GCC_DYNAMIC_NO_PIC = NO;
				GCC_OPTIMIZATION_LEVEL = 0;
				GCC_PREPROCESSOR_DEFINITIONS = (
					"DEBUG=1",
					"$(inherited)",
				);
				GCC_SYMBOLS_PRIVATE_EXTERN = NO;
				GCC_WARN_64_TO_32_BIT_CONVERSION = YES;
				GCC_WARN_ABOUT_RETURN_TYPE = YES_ERROR;
				GCC_WARN_UNDECLARED_SELECTOR = YES;
				GCC_WARN_UNINITIALIZED_AUTOS = YES_AGGRESSIVE;
				GCC_WARN_UNUSED_FUNCTION = YES;
				GCC_WARN_UNUSED_VARIABLE = YES;
				MACOSX_DEPLOYMENT_TARGET = 10.10;
				MTL_ENABLE_DEBUG_INFO = YES;
				ONLY_ACTIVE_ARCH = YES;
				SDKROOT = macosx;
			};
			name = Debug;
		};
		4B51F6A01AA8917A00E3B174 /* Release */ = {
			isa = XCBuildConfiguration;
			buildSettings = {
				ALWAYS_SEARCH_USER_PATHS = NO;
				CLANG_CXX_LANGUAGE_STANDARD = "gnu++0x";
				CLANG_CXX_LIBRARY = "libc++";
				CLANG_ENABLE_MODULES = YES;
				CLANG_ENABLE_OBJC_ARC = YES;
				CLANG_WARN_BOOL_CONVERSION = YES;
				CLANG_WARN_CONSTANT_CONVERSION = YES;
				CLANG_WARN_DIRECT_OBJC_ISA_USAGE = YES_ERROR;
				CLANG_WARN_EMPTY_BODY = YES;
				CLANG_WARN_ENUM_CONVERSION = YES;
				CLANG_WARN_INT_CONVERSION = YES;
				CLANG_WARN_OBJC_ROOT_CLASS = YES_ERROR;
				CLANG_WARN_UNREACHABLE_CODE = YES;
				CLANG_WARN__DUPLICATE_METHOD_MATCH = YES;
				COPY_PHASE_STRIP = YES;
				DEBUG_INFORMATION_FORMAT = "dwarf-with-dsym";
				ENABLE_NS_ASSERTIONS = NO;
				ENABLE_STRICT_OBJC_MSGSEND = YES;
				GCC_C_LANGUAGE_STANDARD = gnu99;
				GCC_WARN_64_TO_32_BIT_CONVERSION = YES;
				GCC_WARN_ABOUT_RETURN_TYPE = YES_ERROR;
				GCC_WARN_UNDECLARED_SELECTOR = YES;
				GCC_WARN_UNINITIALIZED_AUTOS = YES_AGGRESSIVE;
				GCC_WARN_UNUSED_FUNCTION = YES;
				GCC_WARN_UNUSED_VARIABLE = YES;
				MACOSX_DEPLOYMENT_TARGET = 10.10;
				MTL_ENABLE_DEBUG_INFO = NO;
				SDKROOT = macosx;
			};
			name = Release;
		};
		4B51F6A21AA8917A00E3B174 /* Debug */ = {
			isa = XCBuildConfiguration;
			buildSettings = {
				PRODUCT_NAME = "$(TARGET_NAME)";
			};
			name = Debug;
		};
		4B51F6A31AA8917A00E3B174 /* Release */ = {
			isa = XCBuildConfiguration;
			buildSettings = {
				PRODUCT_NAME = "$(TARGET_NAME)";
			};
			name = Release;
		};
/* End XCBuildConfiguration section */

/* Begin XCConfigurationList section */
		4B51F6951AA8917A00E3B174 /* Build configuration list for PBXProject "voiceParseHelpers" */ = {
			isa = XCConfigurationList;
			buildConfigurations = (
				4B51F69F1AA8917A00E3B174 /* Debug */,
				4B51F6A01AA8917A00E3B174 /* Release */,
			);
			defaultConfigurationIsVisible = 0;
			defaultConfigurationName = Release;
		};
		4B51F6A11AA8917A00E3B174 /* Build configuration list for PBXNativeTarget "voiceParseHelpers" */ = {
			isa = XCConfigurationList;
			buildConfigurations = (
				4B51F6A21AA8917A00E3B174 /* Debug */,
				4B51F6A31AA8917A00E3B174 /* Release */,
			);
			defaultConfigurationIsVisible = 0;
		};
/* End XCConfigurationList section */
	};
	rootObject = 4B51F6921AA8917A00E3B174 /* Project object */;
}
